Microsoft Visual Studio Solution File, Format Version 12.00
# Visual Studio Version 17
VisualStudioVersion = 17.5.2.0
MinimumVisualStudioVersion = 10.0.40219.1
Project("{FAE04EC0-301F-11D3-BF4B-00C04F79EFBC}") = "BlogManager", "BlogManager\BlogManager.csproj", "{BA10B2F2-5E5E-086C-BCDC-ECD0C179C1F8}"
EndProject
Global
	GlobalSection(SolutionConfigurationPlatforms) = preSolution
		Debug|Any CPU = Debug|Any CPU
		Release|Any CPU = Release|Any CPU
	EndGlobalSection
	GlobalSection(ProjectConfigurationPlatforms) = postSolution
		{BA10B2F2-5E5E-086C-BCDC-ECD0C179C1F8}.Debug|Any CPU.ActiveCfg = Debug|Any CPU
		{BA10B2F2-5E5E-086C-BCDC-ECD0C179C1F8}.Debug|Any CPU.Build.0 = Debug|Any CPU
		{BA10B2F2-5E5E-086C-BCDC-ECD0C179C1F8}.Release|Any CPU.ActiveCfg = Release|Any CPU
		{BA10B2F2-5E5E-086C-BCDC-ECD0C179C1F8}.Release|Any CPU.Build.0 = Release|Any CPU
	EndGlobalSection
	GlobalSection(SolutionProperties) = preSolution
		HideSolutionNode = FALSE
	EndGlobalSection
	GlobalSection(ExtensibilityGlobals) = postSolution
		SolutionGuid = {709C4C36-B7AC-4B3E-8639-40D8D2076430}
	EndGlobalSection
EndGlobal
